
Microsoft Visual Studio Solution File, Format Version 12.00
# Visual Studio Version 17
VisualStudioVersion = 17.4.33213.308
MinimumVisualStudioVersion = 10.0.40219.1
Project("{FAE04EC0-301F-11D3-BF4B-00C04F79EFBC}") = "ConsoleApp4.1.10", "ConsoleApp4.1.10\ConsoleApp4.1.10.csproj", "{CE1E371C-1B25-4187-A967-40D8667AECBA}"
EndProject
Global
	GlobalSection(SolutionConfigurationPlatforms) = preSolution
		Debug|Any CPU = Debug|Any CPU
		Release|Any CPU = Release|Any CPU
	EndGlobalSection
	GlobalSection(ProjectConfigurationPlatforms) = postSolution
		{CE1E371C-1B25-4187-A967-40D8667AECBA}.Debug|Any CPU.ActiveCfg = Debug|Any CPU
		{CE1E371C-1B25-4187-A967-40D8667AECBA}.Debug|Any CPU.Build.0 = Debug|Any CPU
		{CE1E371C-1B25-4187-A967-40D8667AECBA}.Release|Any CPU.ActiveCfg = Release|Any CPU
		{CE1E371C-1B25-4187-A967-40D8667AECBA}.Release|Any CPU.Build.0 = Release|Any CPU
	EndGlobalSection
	GlobalSection(SolutionProperties) = preSolution
		HideSolutionNode = FALSE
	EndGlobalSection
	GlobalSection(ExtensibilityGlobals) = postSolution
		SolutionGuid = {5E390B1F-6A93-47CE-BF7B-5567D8F94123}
	EndGlobalSection
EndGlobal
